
Microsoft Visual Studio Solution File, Format Version 12.00
# Visual Studio 15
VisualStudioVersion = 15.0.28307.168
MinimumVisualStudioVersion = 10.0.40219.1
Project("{FAE04EC0-301F-11D3-BF4B-00C04F79EFBC}") = "Seguridad", "Seguridad\Seguridad.csproj", "{A41FF34D-DD8D-4571-8670-4AC7B094AEB7}"
EndProject
Global
	GlobalSection(SolutionConfigurationPlatforms) = preSolution
		Debug|Any CPU = Debug|Any CPU
		Release|Any CPU = Release|Any CPU
	EndGlobalSection
	GlobalSection(ProjectConfigurationPlatforms) = postSolution
		{A41FF34D-DD8D-4571-8670-4AC7B094AEB7}.Debug|Any CPU.ActiveCfg = Debug|Any CPU
		{A41FF34D-DD8D-4571-8670-4AC7B094AEB7}.Debug|Any CPU.Build.0 = Debug|Any CPU
		{A41FF34D-DD8D-4571-8670-4AC7B094AEB7}.Release|Any CPU.ActiveCfg = Release|Any CPU
		{A41FF34D-DD8D-4571-8670-4AC7B094AEB7}.Release|Any CPU.Build.0 = Release|Any CPU
	EndGlobalSection
	GlobalSection(SolutionProperties) = preSolution
		HideSolutionNode = FALSE
	EndGlobalSection
	GlobalSection(ExtensibilityGlobals) = postSolution
		SolutionGuid = {6ACD140E-9790-4A1C-BC72-F92DEF7012C2}
	EndGlobalSection
EndGlobal
